// !$*UTF8*$!
{
	archiveVersion = 1;
	classes = {
	};
	objectVersion = 55;
	objects = {

/* Begin PBXBuildFile section */
		9887AEAE286CA2C300003DBB /* Picture.swift in Sources */ = {isa = PBXBuildFile; fileRef = 9887AEAD286CA2C200003DBB /* Picture.swift */; };
		9887AED0286DAE6B00003DBB /* PictureProvider.swift in Sources */ = {isa = PBXBuildFile; fileRef = 9887AECF286DAE6B00003DBB /* PictureProvider.swift */; };
		9887AED5287086AD00003DBB /* LayoutOneView.swift in Sources */ = {isa = PBXBuildFile; fileRef = 9887AED4287086AD00003DBB /* LayoutOneView.swift */; };
		9887AF172875CD6100003DBB /* LayoutTwoView.swift in Sources */ = {isa = PBXBuildFile; fileRef = 9887AF162875CD6100003DBB /* LayoutTwoView.swift */; };
		9887AF192875D23300003DBB /* LayoutThreeView.swift in Sources */ = {isa = PBXBuildFile; fileRef = 9887AF182875D23300003DBB /* LayoutThreeView.swift */; };
		9887AF1B287736EA00003DBB /* LayoutButtonView.swift in Sources */ = {isa = PBXBuildFile; fileRef = 9887AF1A287736EA00003DBB /* LayoutButtonView.swift */; };
		9887AF1D287B0A8000003DBB /* SharingService.swift in Sources */ = {isa = PBXBuildFile; fileRef = 9887AF1C287B0A8000003DBB /* SharingService.swift */; };
		98D603CC286C87C3001CF7E1 /* AppDelegate.swift in Sources */ = {isa = PBXBuildFile; fileRef = 98D603CB286C87C3001CF7E1 /* AppDelegate.swift */; };
		98D603CE286C87C3001CF7E1 /* SceneDelegate.swift in Sources */ = {isa = PBXBuildFile; fileRef = 98D603CD286C87C3001CF7E1 /* SceneDelegate.swift */; };
		98D603D0286C87C3001CF7E1 /* ViewController.swift in Sources */ = {isa = PBXBuildFile; fileRef = 98D603CF286C87C3001CF7E1 /* ViewController.swift */; };
		98D603D3286C87C3001CF7E1 /* Main.storyboard in Resources */ = {isa = PBXBuildFile; fileRef = 98D603D1286C87C3001CF7E1 /* Main.storyboard */; };
		98D603D5286C87C4001CF7E1 /* Assets.xcassets in Resources */ = {isa = PBXBuildFile; fileRef = 98D603D4286C87C4001CF7E1 /* Assets.xcassets */; };
		98D603D8286C87C4001CF7E1 /* LaunchScreen.storyboard in Resources */ = {isa = PBXBuildFile; fileRef = 98D603D6286C87C4001CF7E1 /* LaunchScreen.storyboard */; };
		98D603E4286C8B1B001CF7E1 /* Delm-Medium.otf in Resources */ = {isa = PBXBuildFile; fileRef = 98D603E3286C8B1B001CF7E1 /* Delm-Medium.otf */; };
		98D603E6286C8B2E001CF7E1 /* ThirstySoftRegular.otf in Resources */ = {isa = PBXBuildFile; fileRef = 98D603E5286C8B2E001CF7E1 /* ThirstySoftRegular.otf */; };
/* End PBXBuildFile section */

/* Begin PBXFileReference section */
		9887AEAD286CA2C200003DBB /* Picture.swift */ = {isa = PBXFileReference; lastKnownFileType = sourcecode.swift; path = Picture.swift; sourceTree = "<group>"; };
		9887AECF286DAE6B00003DBB /* PictureProvider.swift */ = {isa = PBXFileReference; lastKnownFileType = sourcecode.swift; path = PictureProvider.swift; sourceTree = "<group>"; };
		9887AED4287086AD00003DBB /* LayoutOneView.swift */ = {isa = PBXFileReference; lastKnownFileType = sourcecode.swift; path = LayoutOneView.swift; sourceTree = "<group>"; };
		9887AF162875CD6100003DBB /* LayoutTwoView.swift */ = {isa = PBXFileReference; lastKnownFileType = sourcecode.swift; path = LayoutTwoView.swift; sourceTree = "<group>"; };
		9887AF182875D23300003DBB /* LayoutThreeView.swift */ = {isa = PBXFileReference; lastKnownFileType = sourcecode.swift; path = LayoutThreeView.swift; sourceTree = "<group>"; };
		9887AF1A287736EA00003DBB /* LayoutButtonView.swift */ = {isa = PBXFileReference; lastKnownFileType = sourcecode.swift; path = LayoutButtonView.swift; sourceTree = "<group>"; };
		9887AF1C287B0A8000003DBB /* SharingService.swift */ = {isa = PBXFileReference; lastKnownFileType = sourcecode.swift; path = SharingService.swift; sourceTree = "<group>"; };
		98D603C8286C87C3001CF7E1 /* Instagrid.app */ = {isa = PBXFileReference; explicitFileType = wrapper.application; includeInIndex = 0; path = Instagrid.app; sourceTree = BUILT_PRODUCTS_DIR; };
		98D603CB286C87C3001CF7E1 /* AppDelegate.swift */ = {isa = PBXFileReference; lastKnownFileType = sourcecode.swift; path = AppDelegate.swift; sourceTree = "<group>"; };
		98D603CD286C87C3001CF7E1 /* SceneDelegate.swift */ = {isa = PBXFileReference; lastKnownFileType = sourcecode.swift; path = SceneDelegate.swift; sourceTree = "<group>"; };
		98D603CF286C87C3001CF7E1 /* ViewController.swift */ = {isa = PBXFileReference; lastKnownFileType = sourcecode.swift; path = ViewController.swift; sourceTree = "<group>"; };
		98D603D2286C87C3001CF7E1 /* Base */ = {isa = PBXFileReference; lastKnownFileType = file.storyboard; name = Base; path = Base.lproj/Main.storyboard; sourceTree = "<group>"; };
		98D603D4286C87C4001CF7E1 /* Assets.xcassets */ = {isa = PBXFileReference; lastKnownFileType = folder.assetcatalog; path = Assets.xcassets; sourceTree = "<group>"; };
		98D603D7286C87C4001CF7E1 /* Base */ = {isa = PBXFileReference; lastKnownFileType = file.storyboard; name = Base; path = Base.lproj/LaunchScreen.storyboard; sourceTree = "<group>"; };
		98D603D9286C87C4001CF7E1 /* Info.plist */ = {isa = PBXFileReference; lastKnownFileType = text.plist.xml; path = Info.plist; sourceTree = "<group>"; };
		98D603E3286C8B1B001CF7E1 /* Delm-Medium.otf */ = {isa = PBXFileReference; lastKnownFileType = file; path = "Delm-Medium.otf"; sourceTree = "<group>"; };
		98D603E5286C8B2E001CF7E1 /* ThirstySoftRegular.otf */ = {isa = PBXFileReference; lastKnownFileType = file; path = ThirstySoftRegular.otf; sourceTree = "<group>"; };
/* End PBXFileReference section */

/* Begin PBXFrameworksBuildPhase section */
		98D603C5286C87C3001CF7E1 /* Frameworks */ = {
			isa = PBXFrameworksBuildPhase;
			buildActionMask = 2147483647;
			files = (
			);
			runOnlyForDeploymentPostprocessing = 0;
		};
/* End PBXFrameworksBuildPhase section */

/* Begin PBXGroup section */
		9887AED1286EE97A00003DBB /* Service */ = {
			isa = PBXGroup;
			children = (
				9887AECF286DAE6B00003DBB /* PictureProvider.swift */,
				9887AF1C287B0A8000003DBB /* SharingService.swift */,
			);
			path = Service;
			sourceTree = "<group>";
		};
		98D603BF286C87C3001CF7E1 = {
			isa = PBXGroup;
			children = (
				98D603CA286C87C3001CF7E1 /* Instagrid */,
				98D603C9286C87C3001CF7E1 /* Products */,
			);
			sourceTree = "<group>";
		};
		98D603C9286C87C3001CF7E1 /* Products */ = {
			isa = PBXGroup;
			children = (
				98D603C8286C87C3001CF7E1 /* Instagrid.app */,
			);
			name = Products;
			sourceTree = "<group>";
		};
		98D603CA286C87C3001CF7E1 /* Instagrid */ = {
			isa = PBXGroup;
			children = (
				9887AED1286EE97A00003DBB /* Service */,
				98D603E1286C880B001CF7E1 /* Model */,
				98D603E0286C87F7001CF7E1 /* Controller */,
				98D603DF286C87DF001CF7E1 /* View */,
				98D603D9286C87C4001CF7E1 /* Info.plist */,
				98D603E2286C8828001CF7E1 /* SupportingFiles */,
			);
			path = Instagrid;
			sourceTree = "<group>";
		};
		98D603DF286C87DF001CF7E1 /* View */ = {
			isa = PBXGroup;
			children = (
				98D603D6286C87C4001CF7E1 /* LaunchScreen.storyboard */,
				98D603D1286C87C3001CF7E1 /* Main.storyboard */,
				9887AED4287086AD00003DBB /* LayoutOneView.swift */,
				9887AF162875CD6100003DBB /* LayoutTwoView.swift */,
				9887AF182875D23300003DBB /* LayoutThreeView.swift */,
				9887AF1A287736EA00003DBB /* LayoutButtonView.swift */,
			);
			path = View;
			sourceTree = "<group>";
		};
		98D603E0286C87F7001CF7E1 /* Controller */ = {
			isa = PBXGroup;
			children = (
				98D603CF286C87C3001CF7E1 /* ViewController.swift */,
			);
			path = Controller;
			sourceTree = "<group>";
		};
		98D603E1286C880B001CF7E1 /* Model */ = {
			isa = PBXGroup;
			children = (
				9887AEAD286CA2C200003DBB /* Picture.swift */,
			);
			path = Model;
			sourceTree = "<group>";
		};
		98D603E2286C8828001CF7E1 /* SupportingFiles */ = {
			isa = PBXGroup;
			children = (
				98D603D4286C87C4001CF7E1 /* Assets.xcassets */,
				98D603E3286C8B1B001CF7E1 /* Delm-Medium.otf */,
				98D603E5286C8B2E001CF7E1 /* ThirstySoftRegular.otf */,
				98D603CB286C87C3001CF7E1 /* AppDelegate.swift */,
				98D603CD286C87C3001CF7E1 /* SceneDelegate.swift */,
			);
			path = SupportingFiles;
			sourceTree = "<group>";
		};
/* End PBXGroup section */

/* Begin PBXNativeTarget section */
		98D603C7286C87C3001CF7E1 /* Instagrid */ = {
			isa = PBXNativeTarget;
			buildConfigurationList = 98D603DC286C87C4001CF7E1 /* Build configuration list for PBXNativeTarget "Instagrid" */;
			buildPhases = (
				98D603C4286C87C3001CF7E1 /* Sources */,
				98D603C5286C87C3001CF7E1 /* Frameworks */,
				98D603C6286C87C3001CF7E1 /* Resources */,
			);
			buildRules = (
			);
			dependencies = (
			);
			name = Instagrid;
			productName = Instagrid;
			productReference = 98D603C8286C87C3001CF7E1 /* Instagrid.app */;
			productType = "com.apple.product-type.application";
		};
/* End PBXNativeTarget section */

/* Begin PBXProject section */
		98D603C0286C87C3001CF7E1 /* Project object */ = {
			isa = PBXProject;
			attributes = {
				BuildIndependentTargetsInParallel = 1;
				LastSwiftUpdateCheck = 1340;
				LastUpgradeCheck = 1340;
				TargetAttributes = {
					98D603C7286C87C3001CF7E1 = {
						CreatedOnToolsVersion = 13.4.1;
					};
				};
			};
			buildConfigurationList = 98D603C3286C87C3001CF7E1 /* Build configuration list for PBXProject "Instagrid" */;
			compatibilityVersion = "Xcode 13.0";
			developmentRegion = en;
			hasScannedForEncodings = 0;
			knownRegions = (
				en,
				Base,
			);
			mainGroup = 98D603BF286C87C3001CF7E1;
			productRefGroup = 98D603C9286C87C3001CF7E1 /* Products */;
			projectDirPath = "";
			projectRoot = "";
			targets = (
				98D603C7286C87C3001CF7E1 /* Instagrid */,
			);
		};
/* End PBXProject section */

/* Begin PBXResourcesBuildPhase section */
		98D603C6286C87C3001CF7E1 /* Resources */ = {
			isa = PBXResourcesBuildPhase;
			buildActionMask = 2147483647;
			files = (
				98D603D8286C87C4001CF7E1 /* LaunchScreen.storyboard in Resources */,
				98D603D5286C87C4001CF7E1 /* Assets.xcassets in Resources */,
				98D603E6286C8B2E001CF7E1 /* ThirstySoftRegular.otf in Resources */,
				98D603E4286C8B1B001CF7E1 /* Delm-Medium.otf in Resources */,
				98D603D3286C87C3001CF7E1 /* Main.storyboard in Resources */,
			);
			runOnlyForDeploymentPostprocessing = 0;
		};
/* End PBXResourcesBuildPhase section */

/* Begin PBXSourcesBuildPhase section */
		98D603C4286C87C3001CF7E1 /* Sources */ = {
			isa = PBXSourcesBuildPhase;
			buildActionMask = 2147483647;
			files = (
				98D603D0286C87C3001CF7E1 /* ViewController.swift in Sources */,
				9887AF1B287736EA00003DBB /* LayoutButtonView.swift in Sources */,
				9887AF192875D23300003DBB /* LayoutThreeView.swift in Sources */,
				9887AF172875CD6100003DBB /* LayoutTwoView.swift in Sources */,
				98D603CC286C87C3001CF7E1 /* AppDelegate.swift in Sources */,
				9887AED5287086AD00003DBB /* LayoutOneView.swift in Sources */,
				9887AF1D287B0A8000003DBB /* SharingService.swift in Sources */,
				9887AEAE286CA2C300003DBB /* Picture.swift in Sources */,
				9887AED0286DAE6B00003DBB /* PictureProvider.swift in Sources */,
				98D603CE286C87C3001CF7E1 /* SceneDelegate.swift in Sources */,
			);
			runOnlyForDeploymentPostprocessing = 0;
		};
/* End PBXSourcesBuildPhase section */

/* Begin PBXVariantGroup section */
		98D603D1286C87C3001CF7E1 /* Main.storyboard */ = {
			isa = PBXVariantGroup;
			children = (
				98D603D2286C87C3001CF7E1 /* Base */,
			);
			name = Main.storyboard;
			sourceTree = "<group>";
		};
		98D603D6286C87C4001CF7E1 /* LaunchScreen.storyboard */ = {
			isa = PBXVariantGroup;
			children = (
				98D603D7286C87C4001CF7E1 /* Base */,
			);
			name = LaunchScreen.storyboard;
			sourceTree = "<group>";
		};
/* End PBXVariantGroup section */

/* Begin XCBuildConfiguration section */
		98D603DA286C87C4001CF7E1 /* Debug */ = {
			isa = XCBuildConfiguration;
			buildSettings = {
				ALWAYS_SEARCH_USER_PATHS = NO;
				CLANG_ANALYZER_NONNULL = YES;
				CLANG_ANALYZER_NUMBER_OBJECT_CONVERSION = YES_AGGRESSIVE;
				CLANG_CXX_LANGUAGE_STANDARD = "gnu++17";
				CLANG_ENABLE_MODULES = YES;
				CLANG_ENABLE_OBJC_ARC = YES;
				CLANG_ENABLE_OBJC_WEAK = YES;
				CLANG_WARN_BLOCK_CAPTURE_AUTORELEASING = YES;
				CLANG_WARN_BOOL_CONVERSION = YES;
				CLANG_WARN_COMMA = YES;
				CLANG_WARN_CONSTANT_CONVERSION = YES;
				CLANG_WARN_DEPRECATED_OBJC_IMPLEMENTATIONS = YES;
				CLANG_WARN_DIRECT_OBJC_ISA_USAGE = YES_ERROR;
				CLANG_WARN_DOCUMENTATION_COMMENTS = YES;
				CLANG_WARN_EMPTY_BODY = YES;
				CLANG_WARN_ENUM_CONVERSION = YES;
				CLANG_WARN_INFINITE_RECURSION = YES;
				CLANG_WARN_INT_CONVERSION = YES;
				CLANG_WARN_NON_LITERAL_NULL_CONVERSION = YES;
				CLANG_WARN_OBJC_IMPLICIT_RETAIN_SELF = YES;
				CLANG_WARN_OBJC_LITERAL_CONVERSION = YES;
				CLANG_WARN_OBJC_ROOT_CLASS = YES_ERROR;
				CLANG_WARN_QUOTED_INCLUDE_IN_FRAMEWORK_HEADER = YES;
				CLANG_WARN_RANGE_LOOP_ANALYSIS = YES;
				CLANG_WARN_STRICT_PROTOTYPES = YES;
				CLANG_WARN_SUSPICIOUS_MOVE = YES;
				CLANG_WARN_UNGUARDED_AVAILABILITY = YES_AGGRESSIVE;
				CLANG_WARN_UNREACHABLE_CODE = YES;
				CLANG_WARN__DUPLICATE_METHOD_MATCH = YES;
				COPY_PHASE_STRIP = NO;
				DEBUG_INFORMATION_FORMAT = dwarf;
				ENABLE_STRICT_OBJC_MSGSEND = YES;
				ENABLE_TESTABILITY = YES;
				GCC_C_LANGUAGE_STANDARD = gnu11;
				GCC_DYNAMIC_NO_PIC = NO;
				GCC_NO_COMMON_BLOCKS = YES;
				GCC_OPTIMIZATION_LEVEL = 0;
				GCC_PREPROCESSOR_DEFINITIONS = (
					"DEBUG=1",
					"$(inherited)",
				);
				GCC_WARN_64_TO_32_BIT_CONVERSION = YES;
				GCC_WARN_ABOUT_RETURN_TYPE = YES_ERROR;
				GCC_WARN_UNDECLARED_SELECTOR = YES;
				GCC_WARN_UNINITIALIZED_AUTOS = YES_AGGRESSIVE;
				GCC_WARN_UNUSED_FUNCTION = YES;
				GCC_WARN_UNUSED_VARIABLE = YES;
				IPHONEOS_DEPLOYMENT_TARGET = 15.5;
				MTL_ENABLE_DEBUG_INFO = INCLUDE_SOURCE;
				MTL_FAST_MATH = YES;
				ONLY_ACTIVE_ARCH = YES;
				SDKROOT = iphoneos;
				SWIFT_ACTIVE_COMPILATION_CONDITIONS = DEBUG;
				SWIFT_OPTIMIZATION_LEVEL = "-Onone";
			};
			name = Debug;
		};
		98D603DB286C87C4001CF7E1 /* Release */ = {
			isa = XCBuildConfiguration;
			buildSettings = {
				ALWAYS_SEARCH_USER_PATHS = NO;
				CLANG_ANALYZER_NONNULL = YES;
				CLANG_ANALYZER_NUMBER_OBJECT_CONVERSION = YES_AGGRESSIVE;
				CLANG_CXX_LANGUAGE_STANDARD = "gnu++17";
				CLANG_ENABLE_MODULES = YES;
				CLANG_ENABLE_OBJC_ARC = YES;
				CLANG_ENABLE_OBJC_WEAK = YES;
				CLANG_WARN_BLOCK_CAPTURE_AUTORELEASING = YES;
				CLANG_WARN_BOOL_CONVERSION = YES;
				CLANG_WARN_COMMA = YES;
				CLANG_WARN_CONSTANT_CONVERSION = YES;
				CLANG_WARN_DEPRECATED_OBJC_IMPLEMENTATIONS = YES;
				CLANG_WARN_DIRECT_OBJC_ISA_USAGE = YES_ERROR;
				CLANG_WARN_DOCUMENTATION_COMMENTS = YES;
				CLANG_WARN_EMPTY_BODY = YES;
				CLANG_WARN_ENUM_CONVERSION = YES;
				CLANG_WARN_INFINITE_RECURSION = YES;
				CLANG_WARN_INT_CONVERSION = YES;
				CLANG_WARN_NON_LITERAL_NULL_CONVERSION = YES;
				CLANG_WARN_OBJC_IMPLICIT_RETAIN_SELF = YES;
				CLANG_WARN_OBJC_LITERAL_CONVERSION = YES;
				CLANG_WARN_OBJC_ROOT_CLASS = YES_ERROR;
				CLANG_WARN_QUOTED_INCLUDE_IN_FRAMEWORK_HEADER = YES;
				CLANG_WARN_RANGE_LOOP_ANALYSIS = YES;
				CLANG_WARN_STRICT_PROTOTYPES = YES;
				CLANG_WARN_SUSPICIOUS_MOVE = YES;
				CLANG_WARN_UNGUARDED_AVAILABILITY = YES_AGGRESSIVE;
				CLANG_WARN_UNREACHABLE_CODE = YES;
				CLANG_WARN__DUPLICATE_METHOD_MATCH = YES;
				COPY_PHASE_STRIP = NO;
				DEBUG_INFORMATION_FORMAT = "dwarf-with-dsym";
				ENABLE_NS_ASSERTIONS = NO;
				ENABLE_STRICT_OBJC_MSGSEND = YES;
				GCC_C_LANGUAGE_STANDARD = gnu11;
				GCC_NO_COMMON_BLOCKS = YES;
				GCC_WARN_64_TO_32_BIT_CONVERSION = YES;
				GCC_WARN_ABOUT_RETURN_TYPE = YES_ERROR;
				GCC_WARN_UNDECLARED_SELECTOR = YES;
				GCC_WARN_UNINITIALIZED_AUTOS = YES_AGGRESSIVE;
				GCC_WARN_UNUSED_FUNCTION = YES;
				GCC_WARN_UNUSED_VARIABLE = YES;
				IPHONEOS_DEPLOYMENT_TARGET = 15.5;
				MTL_ENABLE_DEBUG_INFO = NO;
				MTL_FAST_MATH = YES;
				SDKROOT = iphoneos;
				SWIFT_COMPILATION_MODE = wholemodule;
				SWIFT_OPTIMIZATION_LEVEL = "-O";
				VALIDATE_PRODUCT = YES;
			};
			name = Release;
		};
		98D603DD286C87C4001CF7E1 /* Debug */ = {
			isa = XCBuildConfiguration;
			buildSettings = {
				ASSETCATALOG_COMPILER_APPICON_NAME = AppIcon;
				ASSETCATALOG_COMPILER_GLOBAL_ACCENT_COLOR_NAME = AccentColor;
				CODE_SIGN_STYLE = Automatic;
				CURRENT_PROJECT_VERSION = 1;
				DEVELOPMENT_TEAM = GB34966X5M;
				GENERATE_INFOPLIST_FILE = YES;
				INFOPLIST_FILE = Instagrid/Info.plist;
				INFOPLIST_KEY_NSPhotoLibraryUsageDescription = "Please allow permission to access your photos.";
				INFOPLIST_KEY_UIApplicationSupportsIndirectInputEvents = YES;
				INFOPLIST_KEY_UILaunchStoryboardName = LaunchScreen;
				INFOPLIST_KEY_UIMainStoryboardFile = Main;
				INFOPLIST_KEY_UISupportedInterfaceOrientations = "UIInterfaceOrientationPortrait UIInterfaceOrientationLandscapeLeft UIInterfaceOrientationLandscapeRight";
				INFOPLIST_KEY_UISupportedInterfaceOrientations_iPad = "UIInterfaceOrientationPortrait UIInterfaceOrientationPortraitUpsideDown UIInterfaceOrientationLandscapeLeft UIInterfaceOrientationLandscapeRight";
				INFOPLIST_KEY_UISupportedInterfaceOrientations_iPhone = "UIInterfaceOrientationPortrait UIInterfaceOrientationLandscapeLeft UIInterfaceOrientationLandscapeRight";
				IPHONEOS_DEPLOYMENT_TARGET = 11.0;
				LD_RUNPATH_SEARCH_PATHS = (
					"$(inherited)",
					"@executable_path/Frameworks",
				);
				MARKETING_VERSION = 1.0;
				PRODUCT_BUNDLE_IDENTIFIER = com.lorenebrocourt.Instagrid;
				PRODUCT_NAME = "$(TARGET_NAME)";
				SWIFT_EMIT_LOC_STRINGS = YES;
				SWIFT_VERSION = 5.0;
				TARGETED_DEVICE_FAMILY = 1;
			};
			name = Debug;
		};
		98D603DE286C87C4001CF7E1 /* Release */ = {
			isa = XCBuildConfiguration;
			buildSettings = {
				ASSETCATALOG_COMPILER_APPICON_NAME = AppIcon;
				ASSETCATALOG_COMPILER_GLOBAL_ACCENT_COLOR_NAME = AccentColor;
				CODE_SIGN_STYLE = Automatic;
				CURRENT_PROJECT_VERSION = 1;
				DEVELOPMENT_TEAM = GB34966X5M;
				GENERATE_INFOPLIST_FILE = YES;
				INFOPLIST_FILE = Instagrid/Info.plist;
				INFOPLIST_KEY_NSPhotoLibraryUsageDescription = "Please allow permission to access your photos.";
				INFOPLIST_KEY_UIApplicationSupportsIndirectInputEvents = YES;
				INFOPLIST_KEY_UILaunchStoryboardName = LaunchScreen;
				INFOPLIST_KEY_UIMainStoryboardFile = Main;
				INFOPLIST_KEY_UISupportedInterfaceOrientations = "UIInterfaceOrientationPortrait UIInterfaceOrientationLandscapeLeft UIInterfaceOrientationLandscapeRight";
				INFOPLIST_KEY_UISupportedInterfaceOrientations_iPad = "UIInterfaceOrientationPortrait UIInterfaceOrientationPortraitUpsideDown UIInterfaceOrientationLandscapeLeft UIInterfaceOrientationLandscapeRight";
				INFOPLIST_KEY_UISupportedInterfaceOrientations_iPhone = "UIInterfaceOrientationPortrait UIInterfaceOrientationLandscapeLeft UIInterfaceOrientationLandscapeRight";
				IPHONEOS_DEPLOYMENT_TARGET = 11.0;
				LD_RUNPATH_SEARCH_PATHS = (
					"$(inherited)",
					"@executable_path/Frameworks",
				);
				MARKETING_VERSION = 1.0;
				PRODUCT_BUNDLE_IDENTIFIER = com.lorenebrocourt.Instagrid;
				PRODUCT_NAME = "$(TARGET_NAME)";
				SWIFT_EMIT_LOC_STRINGS = YES;
				SWIFT_VERSION = 5.0;
				TARGETED_DEVICE_FAMILY = 1;
			};
			name = Release;
		};
/* End XCBuildConfiguration section */

/* Begin XCConfigurationList section */
		98D603C3286C87C3001CF7E1 /* Build configuration list for PBXProject "Instagrid" */ = {
			isa = XCConfigurationList;
			buildConfigurations = (
				98D603DA286C87C4001CF7E1 /* Debug */,
				98D603DB286C87C4001CF7E1 /* Release */,
			);
			defaultConfigurationIsVisible = 0;
			defaultConfigurationName = Release;
		};
		98D603DC286C87C4001CF7E1 /* Build configuration list for PBXNativeTarget "Instagrid" */ = {
			isa = XCConfigurationList;
			buildConfigurations = (
				98D603DD286C87C4001CF7E1 /* Debug */,
				98D603DE286C87C4001CF7E1 /* Release */,
			);
			defaultConfigurationIsVisible = 0;
			defaultConfigurationName = Release;
		};
/* End XCConfigurationList section */
	};
	rootObject = 98D603C0286C87C3001CF7E1 /* Project object */;
}
